
Microsoft Visual Studio Solution File, Format Version 12.00
# Visual Studio 15
VisualStudioVersion = 15.0.28307.106
MinimumVisualStudioVersion = 10.0.40219.1
Project("{FAE04EC0-301F-11D3-BF4B-00C04F79EFBC}") = "GameFramework", "GameFramework\GameFramework.csproj", "{C6A8F447-7A33-470D-88F9-5D103F963C14}"
EndProject
Global
	GlobalSection(SolutionConfigurationPlatforms) = preSolution
		Debug|Any CPU = Debug|Any CPU
		Release|Any CPU = Release|Any CPU
	EndGlobalSection
	GlobalSection(ProjectConfigurationPlatforms) = postSolution
		{C6A8F447-7A33-470D-88F9-5D103F963C14}.Debug|Any CPU.ActiveCfg = Debug|Any CPU
		{C6A8F447-7A33-470D-88F9-5D103F963C14}.Debug|Any CPU.Build.0 = Debug|Any CPU
		{C6A8F447-7A33-470D-88F9-5D103F963C14}.Release|Any CPU.ActiveCfg = Release|Any CPU
		{C6A8F447-7A33-470D-88F9-5D103F963C14}.Release|Any CPU.Build.0 = Release|Any CPU
	EndGlobalSection
	GlobalSection(SolutionProperties) = preSolution
		HideSolutionNode = FALSE
	EndGlobalSection
	GlobalSection(ExtensibilityGlobals) = postSolution
		SolutionGuid = {5D4428F3-9BCA-45A7-A64C-A9FCD8E1DA85}
	EndGlobalSection
EndGlobal
